
Microsoft Visual Studio Solution File, Format Version 12.00
# Visual Studio Version 16
VisualStudioVersion = 16.0.30104.148
MinimumVisualStudioVersion = 10.0.40219.1
Project("{FAE04EC0-301F-11D3-BF4B-00C04F79EFBC}") = "SteamCalc", "SteamCalc\SteamCalc.csproj", "{6AA5DACA-88B7-4790-A2BF-F80AFB2B5334}"
EndProject
Global
	GlobalSection(SolutionConfigurationPlatforms) = preSolution
		Debug|Any CPU = Debug|Any CPU
		Release|Any CPU = Release|Any CPU
	EndGlobalSection
	GlobalSection(ProjectConfigurationPlatforms) = postSolution
		{6AA5DACA-88B7-4790-A2BF-F80AFB2B5334}.Debug|Any CPU.ActiveCfg = Debug|Any CPU
		{6AA5DACA-88B7-4790-A2BF-F80AFB2B5334}.Debug|Any CPU.Build.0 = Debug|Any CPU
		{6AA5DACA-88B7-4790-A2BF-F80AFB2B5334}.Release|Any CPU.ActiveCfg = Release|Any CPU
		{6AA5DACA-88B7-4790-A2BF-F80AFB2B5334}.Release|Any CPU.Build.0 = Release|Any CPU
	EndGlobalSection
	GlobalSection(SolutionProperties) = preSolution
		HideSolutionNode = FALSE
	EndGlobalSection
	GlobalSection(ExtensibilityGlobals) = postSolution
		SolutionGuid = {6CCBC040-BD32-4B8C-92D0-F2CA08755D2F}
	EndGlobalSection
EndGlobal
